
Microsoft Visual Studio Solution File, Format Version 12.00
# Visual Studio Version 16
VisualStudioVersion = 16.0.32106.194
MinimumVisualStudioVersion = 10.0.40219.1
Project("{FAE04EC0-301F-11D3-BF4B-00C04F79EFBC}") = "IKATest", "IKATest\IKATest.csproj", "{C0FC9796-7931-4484-9152-7E3A652F77DE}"
EndProject
Global
	GlobalSection(SolutionConfigurationPlatforms) = preSolution
		Debug|Any CPU = Debug|Any CPU
		Release|Any CPU = Release|Any CPU
	EndGlobalSection
	GlobalSection(ProjectConfigurationPlatforms) = postSolution
		{C0FC9796-7931-4484-9152-7E3A652F77DE}.Debug|Any CPU.ActiveCfg = Debug|Any CPU
		{C0FC9796-7931-4484-9152-7E3A652F77DE}.Debug|Any CPU.Build.0 = Debug|Any CPU
		{C0FC9796-7931-4484-9152-7E3A652F77DE}.Release|Any CPU.ActiveCfg = Release|Any CPU
		{C0FC9796-7931-4484-9152-7E3A652F77DE}.Release|Any CPU.Build.0 = Release|Any CPU
	EndGlobalSection
	GlobalSection(SolutionProperties) = preSolution
		HideSolutionNode = FALSE
	EndGlobalSection
	GlobalSection(ExtensibilityGlobals) = postSolution
		SolutionGuid = {2C1F26C3-9F03-44E0-968E-ECF91844295A}
	EndGlobalSection
EndGlobal
